NeoBundleLock ctrlp.vim c6d1fc5e58d689bfb104ff336aeb89d9ef1b48e2
NeoBundleLock neobundle.vim 88951d60547595606ea0ca8f28f643d2506f2714
NeoBundleLock neosnippet-snippets be02928b14cae1effbe4388da4d5a75215344ba6
NeoBundleLock neosnippet.vim a1508f88729e1c5912dd12417553f178494c4dd2
NeoBundleLock vim-colorschemes b8dff40f69f1873effbed97c759a8452ecb240ed
NeoBundleLock vim-fugitive aac85a268e89a6c8be79341e130ac90256fadbd6
NeoBundleLock vimshell 3787e52766812d8b99a93ccdda57517bc2a0bab6
